Microsoft Visual Studio Solution File, Format Version 12.00
# Visual Studio Version 17
VisualStudioVersion = 17.5.2.0
MinimumVisualStudioVersion = 10.0.40219.1
Project("{FAE04EC0-301F-11D3-BF4B-00C04F79EFBC}") = "NestFinder", "NestFinder.csproj", "{FDE9E7BF-F57D-886C-3AA9-224BAD4D3A0C}"
EndProject
Global
	GlobalSection(SolutionConfigurationPlatforms) = preSolution
		Debug|Any CPU = Debug|Any CPU
		Release|Any CPU = Release|Any CPU
	EndGlobalSection
	GlobalSection(ProjectConfigurationPlatforms) = postSolution
		{FDE9E7BF-F57D-886C-3AA9-224BAD4D3A0C}.Debug|Any CPU.ActiveCfg = Debug|Any CPU
		{FDE9E7BF-F57D-886C-3AA9-224BAD4D3A0C}.Debug|Any CPU.Build.0 = Debug|Any CPU
		{FDE9E7BF-F57D-886C-3AA9-224BAD4D3A0C}.Release|Any CPU.ActiveCfg = Release|Any CPU
		{FDE9E7BF-F57D-886C-3AA9-224BAD4D3A0C}.Release|Any CPU.Build.0 = Release|Any CPU
	EndGlobalSection
	GlobalSection(SolutionProperties) = preSolution
		HideSolutionNode = FALSE
	EndGlobalSection
	GlobalSection(ExtensibilityGlobals) = postSolution
		SolutionGuid = {AB3ADCF1-AC69-4301-8C17-F08E40BF1C0E}
	EndGlobalSection
EndGlobal
